// !$*UTF8*$!
{
	archiveVersion = 1;
	classes = {
	};
	objectVersion = 77;
	objects = {

/* Begin PBXContainerItemProxy section */
		CCAB2DE22E8926BE00E8D607 /* PBXContainerItemProxy */ = {
			isa = PBXContainerItemProxy;
			containerPortal = CCAB2DCC2E8926BC00E8D607 /* Project object */;
			proxyType = 1;
			remoteGlobalIDString = CCAB2DD32E8926BC00E8D607;
			remoteInfo = SystematizationTodo;
		};
		CCAB2DEC2E8926BE00E8D607 /* PBXContainerItemProxy */ = {
			isa = PBXContainerItemProxy;
			containerPortal = CCAB2DCC2E8926BC00E8D607 /* Project object */;
			proxyType = 1;
			remoteGlobalIDString = CCAB2DD32E8926BC00E8D607;
			remoteInfo = SystematizationTodo;
		};
/* End PBXContainerItemProxy section */

/* Begin PBXFileReference section */
		CCAB2DD42E8926BC00E8D607 /* SystematizationTodo.app */ = {isa = PBXFileReference; explicitFileType = wrapper.application; includeInIndex = 0; path = SystematizationTodo.app; sourceTree = BUILT_PRODUCTS_DIR; };
		CCAB2DE12E8926BE00E8D607 /* SystematizationTodoTests.xctest */ = {isa = PBXFileReference; explicitFileType = wrapper.cfbundle; includeInIndex = 0; path = SystematizationTodoTests.xctest; sourceTree = BUILT_PRODUCTS_DIR; };
		CCAB2DEB2E8926BE00E8D607 /* SystematizationTodoUITests.xctest */ = {isa = PBXFileReference; explicitFileType = wrapper.cfbundle; includeInIndex = 0; path = SystematizationTodoUITests.xctest; sourceTree = BUILT_PRODUCTS_DIR; };
/* End PBXFileReference section */

/* Begin PBXFileSystemSynchronizedRootGroup section */
		CCAB2DD62E8926BC00E8D607 /* SystematizationTodo */ = {
			isa = PBXFileSystemSynchronizedRootGroup;
			path = SystematizationTodo;
			sourceTree = "<group>";
		};
		CCAB2DE42E8926BE00E8D607 /* SystematizationTodoTests */ = {
			isa = PBXFileSystemSynchronizedRootGroup;
			path = SystematizationTodoTests;
			sourceTree = "<group>";
		};
		CCAB2DEE2E8926BE00E8D607 /* SystematizationTodoUITests */ = {
			isa = PBXFileSystemSynchronizedRootGroup;
			path = SystematizationTodoUITests;
			sourceTree = "<group>";
		};
/* End PBXFileSystemSynchronizedRootGroup section */

/* Begin PBXFrameworksBuildPhase section */
		CCAB2DD12E8926BC00E8D607 /* Frameworks */ = {
			isa = PBXFrameworksBuildPhase;
			buildActionMask = 2147483647;
			files = (
			);
			runOnlyForDeploymentPostprocessing = 0;
		};
		CCAB2DDE2E8926BE00E8D607 /* Frameworks */ = {
			isa = PBXFrameworksBuildPhase;
			buildActionMask = 2147483647;
			files = (
			);
			runOnlyForDeploymentPostprocessing = 0;
		};
		CCAB2DE82E8926BE00E8D607 /* Frameworks */ = {
			isa = PBXFrameworksBuildPhase;
			buildActionMask = 2147483647;
			files = (
			);
			runOnlyForDeploymentPostprocessing = 0;
		};
/* End PBXFrameworksBuildPhase section */

/* Begin PBXGroup section */
		CCAB2DCB2E8926BC00E8D607 = {
			isa = PBXGroup;
			children = (
				CCAB2DD62E8926BC00E8D607 /* SystematizationTodo */,
				CCAB2DE42E8926BE00E8D607 /* SystematizationTodoTests */,
				CCAB2DEE2E8926BE00E8D607 /* SystematizationTodoUITests */,
				CCAB2DD52E8926BC00E8D607 /* Products */,
			);
			sourceTree = "<group>";
		};
		CCAB2DD52E8926BC00E8D607 /* Products */ = {
			isa = PBXGroup;
			children = (
				CCAB2DD42E8926BC00E8D607 /* SystematizationTodo.app */,
				CCAB2DE12E8926BE00E8D607 /* SystematizationTodoTests.xctest */,
				CCAB2DEB2E8926BE00E8D607 /* SystematizationTodoUITests.xctest */,
			);
			name = Products;
			sourceTree = "<group>";
		};
/* End PBXGroup section */

/* Begin PBXNativeTarget section */
		CCAB2DD32E8926BC00E8D607 /* SystematizationTodo */ = {
			isa = PBXNativeTarget;
			buildConfigurationList = CCAB2DF52E8926BE00E8D607 /* Build configuration list for PBXNativeTarget "SystematizationTodo" */;
			buildPhases = (
				CCAB2DD02E8926BC00E8D607 /* Sources */,
				CCAB2DD12E8926BC00E8D607 /* Frameworks */,
				CCAB2DD22E8926BC00E8D607 /* Resources */,
			);
			buildRules = (
			);
			dependencies = (
			);
			fileSystemSynchronizedGroups = (
				CCAB2DD62E8926BC00E8D607 /* SystematizationTodo */,
			);
			name = SystematizationTodo;
			packageProductDependencies = (
			);
			productName = SystematizationTodo;
			productReference = CCAB2DD42E8926BC00E8D607 /* SystematizationTodo.app */;
			productType = "com.apple.product-type.application";
		};
		CCAB2DE02E8926BE00E8D607 /* SystematizationTodoTests */ = {
			isa = PBXNativeTarget;
			buildConfigurationList = CCAB2DF82E8926BE00E8D607 /* Build configuration list for PBXNativeTarget "SystematizationTodoTests" */;
			buildPhases = (
				CCAB2DDD2E8926BE00E8D607 /* Sources */,
				CCAB2DDE2E8926BE00E8D607 /* Frameworks */,
				CCAB2DDF2E8926BE00E8D607 /* Resources */,
			);
			buildRules = (
			);
			dependencies = (
				CCAB2DE32E8926BE00E8D607 /* PBXTargetDependency */,
			);
			fileSystemSynchronizedGroups = (
				CCAB2DE42E8926BE00E8D607 /* SystematizationTodoTests */,
			);
			name = SystematizationTodoTests;
			packageProductDependencies = (
			);
			productName = SystematizationTodoTests;
			productReference = CCAB2DE12E8926BE00E8D607 /* SystematizationTodoTests.xctest */;
			productType = "com.apple.product-type.bundle.unit-test";
		};
		CCAB2DEA2E8926BE00E8D607 /* SystematizationTodoUITests */ = {
			isa = PBXNativeTarget;
			buildConfigurationList = CCAB2DFB2E8926BE00E8D607 /* Build configuration list for PBXNativeTarget "SystematizationTodoUITests" */;
			buildPhases = (
				CCAB2DE72E8926BE00E8D607 /* Sources */,
				CCAB2DE82E8926BE00E8D607 /* Frameworks */,
				CCAB2DE92E8926BE00E8D607 /* Resources */,
			);
			buildRules = (
			);
			dependencies = (
				CCAB2DED2E8926BE00E8D607 /* PBXTargetDependency */,
			);
			fileSystemSynchronizedGroups = (
				CCAB2DEE2E8926BE00E8D607 /* SystematizationTodoUITests */,
			);
			name = SystematizationTodoUITests;
			packageProductDependencies = (
			);
			productName = SystematizationTodoUITests;
			productReference = CCAB2DEB2E8926BE00E8D607 /* SystematizationTodoUITests.xctest */;
			productType = "com.apple.product-type.bundle.ui-testing";
		};
/* End PBXNativeTarget section */

/* Begin PBXProject section */
		CCAB2DCC2E8926BC00E8D607 /* Project object */ = {
			isa = PBXProject;
			attributes = {
				BuildIndependentTargetsInParallel = 1;
				LastSwiftUpdateCheck = 2600;
				LastUpgradeCheck = 2600;
				TargetAttributes = {
					CCAB2DD32E8926BC00E8D607 = {
						CreatedOnToolsVersion = 26.0.1;
					};
					CCAB2DE02E8926BE00E8D607 = {
						CreatedOnToolsVersion = 26.0.1;
						TestTargetID = CCAB2DD32E8926BC00E8D607;
					};
					CCAB2DEA2E8926BE00E8D607 = {
						CreatedOnToolsVersion = 26.0.1;
						TestTargetID = CCAB2DD32E8926BC00E8D607;
					};
				};
			};
			buildConfigurationList = CCAB2DCF2E8926BC00E8D607 /* Build configuration list for PBXProject "SystematizationTodo" */;
			developmentRegion = en;
			hasScannedForEncodings = 0;
			knownRegions = (
				en,
				Base,
			);
			mainGroup = CCAB2DCB2E8926BC00E8D607;
			minimizedProjectReferenceProxies = 1;
			preferredProjectObjectVersion = 77;
			productRefGroup = CCAB2DD52E8926BC00E8D607 /* Products */;
			projectDirPath = "";
			projectRoot = "";
			targets = (
				CCAB2DD32E8926BC00E8D607 /* SystematizationTodo */,
				CCAB2DE02E8926BE00E8D607 /* SystematizationTodoTests */,
				CCAB2DEA2E8926BE00E8D607 /* SystematizationTodoUITests */,
			);
		};
/* End PBXProject section */

/* Begin PBXResourcesBuildPhase section */
		CCAB2DD22E8926BC00E8D607 /* Resources */ = {
			isa = PBXResourcesBuildPhase;
			buildActionMask = 2147483647;
			files = (
			);
			runOnlyForDeploymentPostprocessing = 0;
		};
		CCAB2DDF2E8926BE00E8D607 /* Resources */ = {
			isa = PBXResourcesBuildPhase;
			buildActionMask = 2147483647;
			files = (
			);
			runOnlyForDeploymentPostprocessing = 0;
		};
		CCAB2DE92E8926BE00E8D607 /* Resources */ = {
			isa = PBXResourcesBuildPhase;
			buildActionMask = 2147483647;
			files = (
			);
			runOnlyForDeploymentPostprocessing = 0;
		};
/* End PBXResourcesBuildPhase section */

/* Begin PBXSourcesBuildPhase section */
		CCAB2DD02E8926BC00E8D607 /* Sources */ = {
			isa = PBXSourcesBuildPhase;
			buildActionMask = 2147483647;
			files = (
			);
			runOnlyForDeploymentPostprocessing = 0;
		};
		CCAB2DDD2E8926BE00E8D607 /* Sources */ = {
			isa = PBXSourcesBuildPhase;
			buildActionMask = 2147483647;
			files = (
			);
			runOnlyForDeploymentPostprocessing = 0;
		};
		CCAB2DE72E8926BE00E8D607 /* Sources */ = {
			isa = PBXSourcesBuildPhase;
			buildActionMask = 2147483647;
			files = (
			);
			runOnlyForDeploymentPostprocessing = 0;
		};
/* End PBXSourcesBuildPhase section */

/* Begin PBXTargetDependency section */
		CCAB2DE32E8926BE00E8D607 /* PBXTargetDependency */ = {
			isa = PBXTargetDependency;
			target = CCAB2DD32E8926BC00E8D607 /* SystematizationTodo */;
			targetProxy = CCAB2DE22E8926BE00E8D607 /* PBXContainerItemProxy */;
		};
		CCAB2DED2E8926BE00E8D607 /* PBXTargetDependency */ = {
			isa = PBXTargetDependency;
			target = CCAB2DD32E8926BC00E8D607 /* SystematizationTodo */;
			targetProxy = CCAB2DEC2E8926BE00E8D607 /* PBXContainerItemProxy */;
		};
/* End PBXTargetDependency section */

/* Begin XCBuildConfiguration section */
		CCAB2DF32E8926BE00E8D607 /* Debug */ = {
			isa = XCBuildConfiguration;
			buildSettings = {
				ALWAYS_SEARCH_USER_PATHS = NO;
				ASSETCATALOG_COMPILER_GENERATE_SWIFT_ASSET_SYMBOL_EXTENSIONS = YES;
				CLANG_ANALYZER_NONNULL = YES;
				CLANG_ANALYZER_NUMBER_OBJECT_CONVERSION = YES_AGGRESSIVE;
				CLANG_CXX_LANGUAGE_STANDARD = "gnu++20";
				CLANG_ENABLE_MODULES = YES;
				CLANG_ENABLE_OBJC_ARC = YES;
				CLANG_ENABLE_OBJC_WEAK = YES;
				CLANG_WARN_BLOCK_CAPTURE_AUTORELEASING = YES;
				CLANG_WARN_BOOL_CONVERSION = YES;
				CLANG_WARN_COMMA = YES;
				CLANG_WARN_CONSTANT_CONVERSION = YES;
				CLANG_WARN_DEPRECATED_OBJC_IMPLEMENTATIONS = YES;
				CLANG_WARN_DIRECT_OBJC_ISA_USAGE = YES_ERROR;
				CLANG_WARN_DOCUMENTATION_COMMENTS = YES;
				CLANG_WARN_EMPTY_BODY = YES;
				CLANG_WARN_ENUM_CONVERSION = YES;
				CLANG_WARN_INFINITE_RECURSION = YES;
				CLANG_WARN_INT_CONVERSION = YES;
				CLANG_WARN_NON_LITERAL_NULL_CONVERSION = YES;
				CLANG_WARN_OBJC_IMPLICIT_RETAIN_SELF = YES;
				CLANG_WARN_OBJC_LITERAL_CONVERSION = YES;
				CLANG_WARN_OBJC_ROOT_CLASS = YES_ERROR;
				CLANG_WARN_QUOTED_INCLUDE_IN_FRAMEWORK_HEADER = YES;
				CLANG_WARN_RANGE_LOOP_ANALYSIS = YES;
				CLANG_WARN_STRICT_PROTOTYPES = YES;
				CLANG_WARN_SUSPICIOUS_MOVE = YES;
				CLANG_WARN_UNGUARDED_AVAILABILITY = YES_AGGRESSIVE;
				CLANG_WARN_UNREACHABLE_CODE = YES;
				CLANG_WARN__DUPLICATE_METHOD_MATCH = YES;
				COPY_PHASE_STRIP = NO;
				DEBUG_INFORMATION_FORMAT = dwarf;
				DEVELOPMENT_TEAM = 3UC8F5F8RK;
				ENABLE_STRICT_OBJC_MSGSEND = YES;
				ENABLE_TESTABILITY = YES;
				ENABLE_USER_SCRIPT_SANDBOXING = YES;
				GCC_C_LANGUAGE_STANDARD = gnu17;
				GCC_DYNAMIC_NO_PIC = NO;
				GCC_NO_COMMON_BLOCKS = YES;
				GCC_OPTIMIZATION_LEVEL = 0;
				GCC_PREPROCESSOR_DEFINITIONS = (
					"DEBUG=1",
					"$(inherited)",
				);
				GCC_WARN_64_TO_32_BIT_CONVERSION = YES;
				GCC_WARN_ABOUT_RETURN_TYPE = YES_ERROR;
				GCC_WARN_UNDECLARED_SELECTOR = YES;
				GCC_WARN_UNINITIALIZED_AUTOS = YES_AGGRESSIVE;
				GCC_WARN_UNUSED_FUNCTION = YES;
				GCC_WARN_UNUSED_VARIABLE = YES;
				IPHONEOS_DEPLOYMENT_TARGET = 26.0;
				LOCALIZATION_PREFERS_STRING_CATALOGS = YES;
				MTL_ENABLE_DEBUG_INFO = INCLUDE_SOURCE;
				MTL_FAST_MATH = YES;
				ONLY_ACTIVE_ARCH = YES;
				SDKROOT = iphoneos;
				SWIFT_ACTIVE_COMPILATION_CONDITIONS = "DEBUG $(inherited)";
				SWIFT_OPTIMIZATION_LEVEL = "-Onone";
			};
			name = Debug;
		};
		CCAB2DF42E8926BE00E8D607 /* Release */ = {
			isa = XCBuildConfiguration;
			buildSettings = {
				ALWAYS_SEARCH_USER_PATHS = NO;
				ASSETCATALOG_COMPILER_GENERATE_SWIFT_ASSET_SYMBOL_EXTENSIONS = YES;
				CLANG_ANALYZER_NONNULL = YES;
				CLANG_ANALYZER_NUMBER_OBJECT_CONVERSION = YES_AGGRESSIVE;
				CLANG_CXX_LANGUAGE_STANDARD = "gnu++20";
				CLANG_ENABLE_MODULES = YES;
				CLANG_ENABLE_OBJC_ARC = YES;
				CLANG_ENABLE_OBJC_WEAK = YES;
				CLANG_WARN_BLOCK_CAPTURE_AUTORELEASING = YES;
				CLANG_WARN_BOOL_CONVERSION = YES;
				CLANG_WARN_COMMA = YES;
				CLANG_WARN_CONSTANT_CONVERSION = YES;
				CLANG_WARN_DEPRECATED_OBJC_IMPLEMENTATIONS = YES;
				CLANG_WARN_DIRECT_OBJC_ISA_USAGE = YES_ERROR;
				CLANG_WARN_DOCUMENTATION_COMMENTS = YES;
				CLANG_WARN_EMPTY_BODY = YES;
				CLANG_WARN_ENUM_CONVERSION = YES;
				CLANG_WARN_INFINITE_RECURSION = YES;
				CLANG_WARN_INT_CONVERSION = YES;
				CLANG_WARN_NON_LITERAL_NULL_CONVERSION = YES;
				CLANG_WARN_OBJC_IMPLICIT_RETAIN_SELF = YES;
				CLANG_WARN_OBJC_LITERAL_CONVERSION = YES;
				CLANG_WARN_OBJC_ROOT_CLASS = YES_ERROR;
				CLANG_WARN_QUOTED_INCLUDE_IN_FRAMEWORK_HEADER = YES;
				CLANG_WARN_RANGE_LOOP_ANALYSIS = YES;
				CLANG_WARN_STRICT_PROTOTYPES = YES;
				CLANG_WARN_SUSPICIOUS_MOVE = YES;
				CLANG_WARN_UNGUARDED_AVAILABILITY = YES_AGGRESSIVE;
				CLANG_WARN_UNREACHABLE_CODE = YES;
				CLANG_WARN__DUPLICATE_METHOD_MATCH = YES;
				COPY_PHASE_STRIP = NO;
				DEBUG_INFORMATION_FORMAT = "dwarf-with-dsym";
				DEVELOPMENT_TEAM = 3UC8F5F8RK;
				ENABLE_NS_ASSERTIONS = NO;
				ENABLE_STRICT_OBJC_MSGSEND = YES;
				ENABLE_USER_SCRIPT_SANDBOXING = YES;
				GCC_C_LANGUAGE_STANDARD = gnu17;
				GCC_NO_COMMON_BLOCKS = YES;
				GCC_WARN_64_TO_32_BIT_CONVERSION = YES;
				GCC_WARN_ABOUT_RETURN_TYPE = YES_ERROR;
				GCC_WARN_UNDECLARED_SELECTOR = YES;
				GCC_WARN_UNINITIALIZED_AUTOS = YES_AGGRESSIVE;
				GCC_WARN_UNUSED_FUNCTION = YES;
				GCC_WARN_UNUSED_VARIABLE = YES;
				IPHONEOS_DEPLOYMENT_TARGET = 26.0;
				LOCALIZATION_PREFERS_STRING_CATALOGS = YES;
				MTL_ENABLE_DEBUG_INFO = NO;
				MTL_FAST_MATH = YES;
				SDKROOT = iphoneos;
				SWIFT_COMPILATION_MODE = wholemodule;
				VALIDATE_PRODUCT = YES;
			};
			name = Release;
		};
		CCAB2DF62E8926BE00E8D607 /* Debug */ = {
			isa = XCBuildConfiguration;
			buildSettings = {
				ASSETCATALOG_COMPILER_APPICON_NAME = AppIcon;
				ASSETCATALOG_COMPILER_GLOBAL_ACCENT_COLOR_NAME = AccentColor;
				CODE_SIGN_STYLE = Automatic;
				CURRENT_PROJECT_VERSION = 1;
				DEVELOPMENT_TEAM = 3UC8F5F8RK;
				ENABLE_PREVIEWS = YES;
				GENERATE_INFOPLIST_FILE = YES;
				INFOPLIST_KEY_UIApplicationSceneManifest_Generation = YES;
				INFOPLIST_KEY_UIApplicationSupportsIndirectInputEvents = YES;
				INFOPLIST_KEY_UILaunchScreen_Generation = YES;
				INFOPLIST_KEY_UISupportedInterfaceOrientations_iPad = "UIInterfaceOrientationPortrait UIInterfaceOrientationPortraitUpsideDown UIInterfaceOrientationLandscapeLeft UIInterfaceOrientationLandscapeRight";
				INFOPLIST_KEY_UISupportedInterfaceOrientations_iPhone = "UIInterfaceOrientationPortrait UIInterfaceOrientationLandscapeLeft UIInterfaceOrientationLandscapeRight";
				LD_RUNPATH_SEARCH_PATHS = (
					"$(inherited)",
					"@executable_path/Frameworks",
				);
				MARKETING_VERSION = 1.0;
				PRODUCT_BUNDLE_IDENTIFIER = com.swift.SystematizationTodo;
				PRODUCT_NAME = "$(TARGET_NAME)";
				STRING_CATALOG_GENERATE_SYMBOLS = YES;
				SWIFT_APPROACHABLE_CONCURRENCY = YES;
				SWIFT_DEFAULT_ACTOR_ISOLATION = MainActor;
				SWIFT_EMIT_LOC_STRINGS = YES;
				SWIFT_UPCOMING_FEATURE_MEMBER_IMPORT_VISIBILITY = YES;
				SWIFT_VERSION = 5.0;
				TARGETED_DEVICE_FAMILY = "1,2";
			};
			name = Debug;
		};
		CCAB2DF72E8926BE00E8D607 /* Release */ = {
			isa = XCBuildConfiguration;
			buildSettings = {
				ASSETCATALOG_COMPILER_APPICON_NAME = AppIcon;
				ASSETCATALOG_COMPILER_GLOBAL_ACCENT_COLOR_NAME = AccentColor;
				CODE_SIGN_STYLE = Automatic;
				CURRENT_PROJECT_VERSION = 1;
				DEVELOPMENT_TEAM = 3UC8F5F8RK;
				ENABLE_PREVIEWS = YES;
				GENERATE_INFOPLIST_FILE = YES;
				INFOPLIST_KEY_UIApplicationSceneManifest_Generation = YES;
				INFOPLIST_KEY_UIApplicationSupportsIndirectInputEvents = YES;
				INFOPLIST_KEY_UILaunchScreen_Generation = YES;
				INFOPLIST_KEY_UISupportedInterfaceOrientations_iPad = "UIInterfaceOrientationPortrait UIInterfaceOrientationPortraitUpsideDown UIInterfaceOrientationLandscapeLeft UIInterfaceOrientationLandscapeRight";
				INFOPLIST_KEY_UISupportedInterfaceOrientations_iPhone = "UIInterfaceOrientationPortrait UIInterfaceOrientationLandscapeLeft UIInterfaceOrientationLandscapeRight";
				LD_RUNPATH_SEARCH_PATHS = (
					"$(inherited)",
					"@executable_path/Frameworks",
				);
				MARKETING_VERSION = 1.0;
				PRODUCT_BUNDLE_IDENTIFIER = com.swift.SystematizationTodo;
				PRODUCT_NAME = "$(TARGET_NAME)";
				STRING_CATALOG_GENERATE_SYMBOLS = YES;
				SWIFT_APPROACHABLE_CONCURRENCY = YES;
				SWIFT_DEFAULT_ACTOR_ISOLATION = MainActor;
				SWIFT_EMIT_LOC_STRINGS = YES;
				SWIFT_UPCOMING_FEATURE_MEMBER_IMPORT_VISIBILITY = YES;
				SWIFT_VERSION = 5.0;
				TARGETED_DEVICE_FAMILY = "1,2";
			};
			name = Release;
		};
		CCAB2DF92E8926BE00E8D607 /* Debug */ = {
			isa = XCBuildConfiguration;
			buildSettings = {
				BUNDLE_LOADER = "$(TEST_HOST)";
				CODE_SIGN_STYLE = Automatic;
				CURRENT_PROJECT_VERSION = 1;
				DEVELOPMENT_TEAM = 3UC8F5F8RK;
				GENERATE_INFOPLIST_FILE = YES;
				IPHONEOS_DEPLOYMENT_TARGET = 26.0;
				MARKETING_VERSION = 1.0;
				PRODUCT_BUNDLE_IDENTIFIER = com.swift.SystematizationTodoTests;
				PRODUCT_NAME = "$(TARGET_NAME)";
				STRING_CATALOG_GENERATE_SYMBOLS = NO;
				SWIFT_APPROACHABLE_CONCURRENCY = YES;
				SWIFT_EMIT_LOC_STRINGS = NO;
				SWIFT_UPCOMING_FEATURE_MEMBER_IMPORT_VISIBILITY = YES;
				SWIFT_VERSION = 5.0;
				TARGETED_DEVICE_FAMILY = "1,2";
				TEST_HOST = "$(BUILT_PRODUCTS_DIR)/SystematizationTodo.app/$(BUNDLE_EXECUTABLE_FOLDER_PATH)/SystematizationTodo";
			};
			name = Debug;
		};
		CCAB2DFA2E8926BE00E8D607 /* Release */ = {
			isa = XCBuildConfiguration;
			buildSettings = {
				BUNDLE_LOADER = "$(TEST_HOST)";
				CODE_SIGN_STYLE = Automatic;
				CURRENT_PROJECT_VERSION = 1;
				DEVELOPMENT_TEAM = 3UC8F5F8RK;
				GENERATE_INFOPLIST_FILE = YES;
				IPHONEOS_DEPLOYMENT_TARGET = 26.0;
				MARKETING_VERSION = 1.0;
				PRODUCT_BUNDLE_IDENTIFIER = com.swift.SystematizationTodoTests;
				PRODUCT_NAME = "$(TARGET_NAME)";
				STRING_CATALOG_GENERATE_SYMBOLS = NO;
				SWIFT_APPROACHABLE_CONCURRENCY = YES;
				SWIFT_EMIT_LOC_STRINGS = NO;
				SWIFT_UPCOMING_FEATURE_MEMBER_IMPORT_VISIBILITY = YES;
				SWIFT_VERSION = 5.0;
				TARGETED_DEVICE_FAMILY = "1,2";
				TEST_HOST = "$(BUILT_PRODUCTS_DIR)/SystematizationTodo.app/$(BUNDLE_EXECUTABLE_FOLDER_PATH)/SystematizationTodo";
			};
			name = Release;
		};
		CCAB2DFC2E8926BE00E8D607 /* Debug */ = {
			isa = XCBuildConfiguration;
			buildSettings = {
				CODE_SIGN_STYLE = Automatic;
				CURRENT_PROJECT_VERSION = 1;
				DEVELOPMENT_TEAM = 3UC8F5F8RK;
				GENERATE_INFOPLIST_FILE = YES;
				MARKETING_VERSION = 1.0;
				PRODUCT_BUNDLE_IDENTIFIER = com.swift.SystematizationTodoUITests;
				PRODUCT_NAME = "$(TARGET_NAME)";
				STRING_CATALOG_GENERATE_SYMBOLS = NO;
				SWIFT_APPROACHABLE_CONCURRENCY = YES;
				SWIFT_EMIT_LOC_STRINGS = NO;
				SWIFT_UPCOMING_FEATURE_MEMBER_IMPORT_VISIBILITY = YES;
				SWIFT_VERSION = 5.0;
				TARGETED_DEVICE_FAMILY = "1,2";
				TEST_TARGET_NAME = SystematizationTodo;
			};
			name = Debug;
		};
		CCAB2DFD2E8926BE00E8D607 /* Release */ = {
			isa = XCBuildConfiguration;
			buildSettings = {
				CODE_SIGN_STYLE = Automatic;
				CURRENT_PROJECT_VERSION = 1;
				DEVELOPMENT_TEAM = 3UC8F5F8RK;
				GENERATE_INFOPLIST_FILE = YES;
				MARKETING_VERSION = 1.0;
				PRODUCT_BUNDLE_IDENTIFIER = com.swift.SystematizationTodoUITests;
				PRODUCT_NAME = "$(TARGET_NAME)";
				STRING_CATALOG_GENERATE_SYMBOLS = NO;
				SWIFT_APPROACHABLE_CONCURRENCY = YES;
				SWIFT_EMIT_LOC_STRINGS = NO;
				SWIFT_UPCOMING_FEATURE_MEMBER_IMPORT_VISIBILITY = YES;
				SWIFT_VERSION = 5.0;
				TARGETED_DEVICE_FAMILY = "1,2";
				TEST_TARGET_NAME = SystematizationTodo;
			};
			name = Release;
		};
/* End XCBuildConfiguration section */

/* Begin XCConfigurationList section */
		CCAB2DCF2E8926BC00E8D607 /* Build configuration list for PBXProject "SystematizationTodo" */ = {
			isa = XCConfigurationList;
			buildConfigurations = (
				CCAB2DF32E8926BE00E8D607 /* Debug */,
				CCAB2DF42E8926BE00E8D607 /* Release */,
			);
			defaultConfigurationIsVisible = 0;
			defaultConfigurationName = Release;
		};
		CCAB2DF52E8926BE00E8D607 /* Build configuration list for PBXNativeTarget "SystematizationTodo" */ = {
			isa = XCConfigurationList;
			buildConfigurations = (
				CCAB2DF62E8926BE00E8D607 /* Debug */,
				CCAB2DF72E8926BE00E8D607 /* Release */,
			);
			defaultConfigurationIsVisible = 0;
			defaultConfigurationName = Release;
		};
		CCAB2DF82E8926BE00E8D607 /* Build configuration list for PBXNativeTarget "SystematizationTodoTests" */ = {
			isa = XCConfigurationList;
			buildConfigurations = (
				CCAB2DF92E8926BE00E8D607 /* Debug */,
				CCAB2DFA2E8926BE00E8D607 /* Release */,
			);
			defaultConfigurationIsVisible = 0;
			defaultConfigurationName = Release;
		};
		CCAB2DFB2E8926BE00E8D607 /* Build configuration list for PBXNativeTarget "SystematizationTodoUITests" */ = {
			isa = XCConfigurationList;
			buildConfigurations = (
				CCAB2DFC2E8926BE00E8D607 /* Debug */,
				CCAB2DFD2E8926BE00E8D607 /* Release */,
			);
			defaultConfigurationIsVisible = 0;
			defaultConfigurationName = Release;
		};
/* End XCConfigurationList section */
	};
	rootObject = CCAB2DCC2E8926BC00E8D607 /* Project object */;
}
